
Microsoft Visual Studio Solution File, Format Version 10.00
# Visual Studio 2008
Project("{FAE04EC0-301F-11D3-BF4B-00C04F79EFBC}") = "GallerySlideViewer", "GallerySlideViewer.csproj", "{21FD26D6-ABC9-4FB6-9E95-C9FE401C35B7}"
EndProject
Global
	GlobalSection(SolutionConfigurationPlatforms) = preSolution
		Debug|Any CPU = Debug|Any CPU
		Release|Any CPU = Release|Any CPU
	EndGlobalSection
	GlobalSection(ProjectConfigurationPlatforms) = postSolution
		{21FD26D6-ABC9-4FB6-9E95-C9FE401C35B7}.Debug|Any CPU.ActiveCfg = Debug|Any CPU
		{21FD26D6-ABC9-4FB6-9E95-C9FE401C35B7}.Debug|Any CPU.Build.0 = Debug|Any CPU
		{21FD26D6-ABC9-4FB6-9E95-C9FE401C35B7}.Release|Any CPU.ActiveCfg = Release|Any CPU
		{21FD26D6-ABC9-4FB6-9E95-C9FE401C35B7}.Release|Any CPU.Build.0 = Release|Any CPU
	EndGlobalSection
	GlobalSection(SolutionProperties) = preSolution
		HideSolutionNode = FALSE
	EndGlobalSection
EndGlobal
