
Microsoft Visual Studio Solution File, Format Version 11.00
# Visual Web Developer Express 2010
Project("{FAE04EC0-301F-11D3-BF4B-00C04F79EFBC}") = "NavigationMeTL", "NavigationMeTL\NavigationMeTL.csproj", "{A78EEB5A-4619-4539-9FE4-FCDCB5410283}"
EndProject
Project("{FAE04EC0-301F-11D3-BF4B-00C04F79EFBC}") = "NavigationMeTL.Web", "NavigationMeTL.Web\NavigationMeTL.Web.csproj", "{496C7D46-260F-4CDF-8B99-C92BBC0F096C}"
EndProject
Global
	GlobalSection(SolutionConfigurationPlatforms) = preSolution
		Debug|Any CPU = Debug|Any CPU
		Release|Any CPU = Release|Any CPU
	EndGlobalSection
	GlobalSection(ProjectConfigurationPlatforms) = postSolution
		{A78EEB5A-4619-4539-9FE4-FCDCB5410283}.Debug|Any CPU.ActiveCfg = Debug|Any CPU
		{A78EEB5A-4619-4539-9FE4-FCDCB5410283}.Debug|Any CPU.Build.0 = Debug|Any CPU
		{A78EEB5A-4619-4539-9FE4-FCDCB5410283}.Release|Any CPU.ActiveCfg = Release|Any CPU
		{A78EEB5A-4619-4539-9FE4-FCDCB5410283}.Release|Any CPU.Build.0 = Release|Any CPU
		{496C7D46-260F-4CDF-8B99-C92BBC0F096C}.Debug|Any CPU.ActiveCfg = Debug|Any CPU
		{496C7D46-260F-4CDF-8B99-C92BBC0F096C}.Debug|Any CPU.Build.0 = Debug|Any CPU
		{496C7D46-260F-4CDF-8B99-C92BBC0F096C}.Release|Any CPU.ActiveCfg = Release|Any CPU
		{496C7D46-260F-4CDF-8B99-C92BBC0F096C}.Release|Any CPU.Build.0 = Release|Any CPU
	EndGlobalSection
	GlobalSection(SolutionProperties) = preSolution
		HideSolutionNode = FALSE
	EndGlobalSection
EndGlobal
