
Microsoft Visual Studio Solution File, Format Version 11.00
# Visual Studio 2010
Project("{2150E333-8FDC-42A3-9474-1A3956D46DE8}") = "Solution Items", "Solution Items", "{68C42447-99FE-4477-A2AF-CC46212F85AA}"
	ProjectSection(SolutionItems) = preProject
		LocalTestRun.testrunconfig = LocalTestRun.testrunconfig
		SandRibbon1.vsmdi = SandRibbon1.vsmdi
		SandRibbon2.vsmdi = SandRibbon2.vsmdi
	EndProjectSection
EndProject
Project("{FAE04EC0-301F-11D3-BF4B-00C04F79EFBC}") = "SandRibbon", "SandRibbon\SandRibbon.csproj", "{0213D150-6485-4F40-AF80-5AC5E8BB10CC}"
EndProject
Project("{FAE04EC0-301F-11D3-BF4B-00C04F79EFBC}") = "SandRibbonInterop", "SandRibbonInterop\SandRibbonInterop.csproj", "{936C46AC-5A2F-4476-A89C-52537260DBE4}"
EndProject
Project("{FAE04EC0-301F-11D3-BF4B-00C04F79EFBC}") = "SandRibbonObjects", "SandRibbonObjects\SandRibbonObjects.csproj", "{87F30CE0-8265-4934-8E1E-CF90B26B2562}"
EndProject
Project("{FAE04EC0-301F-11D3-BF4B-00C04F79EFBC}") = "HeadfulClassRoom", "HeadfulClassRoom\HeadfulClassRoom.csproj", "{2B5FFAF9-C3A3-459F-9E24-D0F42586E1FE}"
EndProject
Project("{FAE04EC0-301F-11D3-BF4B-00C04F79EFBC}") = "HeadlessClassroom", "HeadlessClassroom\HeadlessClassroom.csproj", "{7E07FB2D-87E4-4AA6-9B8D-7C4681526682}"
EndProject
Project("{00000000-0000-0000-0000-000000000000}") = "Functional", "Functional\Functional.csproj", "{EEA9F528-4885-4D7E-8BDC-914FA52370C7}"
EndProject
Project("{FAE04EC0-301F-11D3-BF4B-00C04F79EFBC}") = "SlidePostMortem", "SlidePostMortem\SlidePostMortem.csproj", "{28A1F00D-55E4-4A43-8C6D-65293F4CE384}"
EndProject
Project("{FAE04EC0-301F-11D3-BF4B-00C04F79EFBC}") = "LectureMeTL", "LectureMeTL\LectureMeTL.csproj", "{2AE944D4-D0D8-45E2-BDA5-ACB4A65CE044}"
EndProject
Project("{FAE04EC0-301F-11D3-BF4B-00C04F79EFBC}") = "ContentOnlyExperimentMeTL", "ContentOnlyExperimentMeTL\ContentOnlyExperimentMeTL.csproj", "{A0270D48-EFA2-4163-BA3E-A28BA5B5E8B9}"
EndProject
Project("{FAE04EC0-301F-11D3-BF4B-00C04F79EFBC}") = "ContentAndStrokesExperimentMeTL", "ContentAndStrokesExperimentMeTL\ContentAndStrokesExperimentMeTL.csproj", "{42E45B0C-DDCD-434A-86A2-07845B842895}"
EndProject
Project("{FAE04EC0-301F-11D3-BF4B-00C04F79EFBC}") = "MeTLCollaborator", "MeTLCollaborator\MeTLCollaborator.csproj", "{C2BC5886-C540-4DF0-88C7-C8E00AFF935B}"
EndProject
Project("{FAE04EC0-301F-11D3-BF4B-00C04F79EFBC}") = "MeTLDemonstrator", "..\..\Users\monash\Desktop\MeTLDemonstrator\MeTLDemonstrator.csproj", "{98CF1FFC-E994-4933-B315-1B66A95CD055}"
EndProject
Project("{FAE04EC0-301F-11D3-BF4B-00C04F79EFBC}") = "MeTLLib", "MeTLLib\MeTLLib.csproj", "{4AA915ED-26DB-4F8F-AC7E-9CAB5DF7F7CD}"
EndProject
Project("{FAE04EC0-301F-11D3-BF4B-00C04F79EFBC}") = "LibTester", "LibTester\LibTester.csproj", "{F17FD0F8-DE0A-496B-8D71-2B5B15AFF3BE}"
EndProject
Project("{FAE04EC0-301F-11D3-BF4B-00C04F79EFBC}") = "MeTLLibTests", "MeTLLibTests\MeTLLibTests.csproj", "{FE0598CD-05CE-4EE9-9F93-D2260F504071}"
EndProject
Global
	GlobalSection(TestCaseManagementSettings) = postSolution
		CategoryFile = SandRibbon2.vsmdi
	EndGlobalSection
	GlobalSection(SolutionConfigurationPlatforms) = preSolution
		Debug|Any CPU = Debug|Any CPU
		Debug|Mixed Platforms = Debug|Mixed Platforms
		Debug|x86 = Debug|x86
		Release|Any CPU = Release|Any CPU
		Release|Mixed Platforms = Release|Mixed Platforms
		Release|x86 = Release|x86
	EndGlobalSection
	GlobalSection(ProjectConfigurationPlatforms) = postSolution
		{0213D150-6485-4F40-AF80-5AC5E8BB10CC}.Debug|Any CPU.ActiveCfg = Debug|Any CPU
		{0213D150-6485-4F40-AF80-5AC5E8BB10CC}.Debug|Any CPU.Build.0 = Debug|Any CPU
		{0213D150-6485-4F40-AF80-5AC5E8BB10CC}.Debug|Mixed Platforms.ActiveCfg = Debug|Any CPU
		{0213D150-6485-4F40-AF80-5AC5E8BB10CC}.Debug|Mixed Platforms.Build.0 = Debug|Any CPU
		{0213D150-6485-4F40-AF80-5AC5E8BB10CC}.Debug|x86.ActiveCfg = Debug|Any CPU
		{0213D150-6485-4F40-AF80-5AC5E8BB10CC}.Release|Any CPU.ActiveCfg = Release|Any CPU
		{0213D150-6485-4F40-AF80-5AC5E8BB10CC}.Release|Any CPU.Build.0 = Release|Any CPU
		{0213D150-6485-4F40-AF80-5AC5E8BB10CC}.Release|Mixed Platforms.ActiveCfg = Release|Any CPU
		{0213D150-6485-4F40-AF80-5AC5E8BB10CC}.Release|Mixed Platforms.Build.0 = Release|Any CPU
		{0213D150-6485-4F40-AF80-5AC5E8BB10CC}.Release|x86.ActiveCfg = Release|Any CPU
		{936C46AC-5A2F-4476-A89C-52537260DBE4}.Debug|Any CPU.ActiveCfg = Debug|Any CPU
		{936C46AC-5A2F-4476-A89C-52537260DBE4}.Debug|Any CPU.Build.0 = Debug|Any CPU
		{936C46AC-5A2F-4476-A89C-52537260DBE4}.Debug|Mixed Platforms.ActiveCfg = Debug|Any CPU
		{936C46AC-5A2F-4476-A89C-52537260DBE4}.Debug|Mixed Platforms.Build.0 = Debug|Any CPU
		{936C46AC-5A2F-4476-A89C-52537260DBE4}.Debug|x86.ActiveCfg = Debug|Any CPU
		{936C46AC-5A2F-4476-A89C-52537260DBE4}.Release|Any CPU.ActiveCfg = Release|Any CPU
		{936C46AC-5A2F-4476-A89C-52537260DBE4}.Release|Any CPU.Build.0 = Release|Any CPU
		{936C46AC-5A2F-4476-A89C-52537260DBE4}.Release|Mixed Platforms.ActiveCfg = Release|Any CPU
		{936C46AC-5A2F-4476-A89C-52537260DBE4}.Release|Mixed Platforms.Build.0 = Release|Any CPU
		{936C46AC-5A2F-4476-A89C-52537260DBE4}.Release|x86.ActiveCfg = Release|Any CPU
		{87F30CE0-8265-4934-8E1E-CF90B26B2562}.Debug|Any CPU.ActiveCfg = Debug|Any CPU
		{87F30CE0-8265-4934-8E1E-CF90B26B2562}.Debug|Any CPU.Build.0 = Debug|Any CPU
		{87F30CE0-8265-4934-8E1E-CF90B26B2562}.Debug|Mixed Platforms.ActiveCfg = Debug|Any CPU
		{87F30CE0-8265-4934-8E1E-CF90B26B2562}.Debug|Mixed Platforms.Build.0 = Debug|Any CPU
		{87F30CE0-8265-4934-8E1E-CF90B26B2562}.Debug|x86.ActiveCfg = Debug|Any CPU
		{87F30CE0-8265-4934-8E1E-CF90B26B2562}.Release|Any CPU.ActiveCfg = Release|Any CPU
		{87F30CE0-8265-4934-8E1E-CF90B26B2562}.Release|Any CPU.Build.0 = Release|Any CPU
		{87F30CE0-8265-4934-8E1E-CF90B26B2562}.Release|Mixed Platforms.ActiveCfg = Release|Any CPU
		{87F30CE0-8265-4934-8E1E-CF90B26B2562}.Release|Mixed Platforms.Build.0 = Release|Any CPU
		{87F30CE0-8265-4934-8E1E-CF90B26B2562}.Release|x86.ActiveCfg = Release|Any CPU
		{2B5FFAF9-C3A3-459F-9E24-D0F42586E1FE}.Debug|Any CPU.ActiveCfg = Debug|Any CPU
		{2B5FFAF9-C3A3-459F-9E24-D0F42586E1FE}.Debug|Any CPU.Build.0 = Debug|Any CPU
		{2B5FFAF9-C3A3-459F-9E24-D0F42586E1FE}.Debug|Mixed Platforms.ActiveCfg = Debug|Any CPU
		{2B5FFAF9-C3A3-459F-9E24-D0F42586E1FE}.Debug|Mixed Platforms.Build.0 = Debug|Any CPU
		{2B5FFAF9-C3A3-459F-9E24-D0F42586E1FE}.Debug|x86.ActiveCfg = Debug|Any CPU
		{2B5FFAF9-C3A3-459F-9E24-D0F42586E1FE}.Release|Any CPU.ActiveCfg = Release|Any CPU
		{2B5FFAF9-C3A3-459F-9E24-D0F42586E1FE}.Release|Any CPU.Build.0 = Release|Any CPU
		{2B5FFAF9-C3A3-459F-9E24-D0F42586E1FE}.Release|Mixed Platforms.ActiveCfg = Release|Any CPU
		{2B5FFAF9-C3A3-459F-9E24-D0F42586E1FE}.Release|Mixed Platforms.Build.0 = Release|Any CPU
		{2B5FFAF9-C3A3-459F-9E24-D0F42586E1FE}.Release|x86.ActiveCfg = Release|Any CPU
		{7E07FB2D-87E4-4AA6-9B8D-7C4681526682}.Debug|Any CPU.ActiveCfg = Debug|Any CPU
		{7E07FB2D-87E4-4AA6-9B8D-7C4681526682}.Debug|Any CPU.Build.0 = Debug|Any CPU
		{7E07FB2D-87E4-4AA6-9B8D-7C4681526682}.Debug|Mixed Platforms.ActiveCfg = Debug|Any CPU
		{7E07FB2D-87E4-4AA6-9B8D-7C4681526682}.Debug|Mixed Platforms.Build.0 = Debug|Any CPU
		{7E07FB2D-87E4-4AA6-9B8D-7C4681526682}.Debug|x86.ActiveCfg = Debug|Any CPU
		{7E07FB2D-87E4-4AA6-9B8D-7C4681526682}.Release|Any CPU.ActiveCfg = Release|Any CPU
		{7E07FB2D-87E4-4AA6-9B8D-7C4681526682}.Release|Any CPU.Build.0 = Release|Any CPU
		{7E07FB2D-87E4-4AA6-9B8D-7C4681526682}.Release|Mixed Platforms.ActiveCfg = Release|Any CPU
		{7E07FB2D-87E4-4AA6-9B8D-7C4681526682}.Release|Mixed Platforms.Build.0 = Release|Any CPU
		{7E07FB2D-87E4-4AA6-9B8D-7C4681526682}.Release|x86.ActiveCfg = Release|Any CPU
		{EEA9F528-4885-4D7E-8BDC-914FA52370C7}.Debug|Any CPU.ActiveCfg = Debug|Any CPU
		{EEA9F528-4885-4D7E-8BDC-914FA52370C7}.Debug|Any CPU.Build.0 = Debug|Any CPU
		{EEA9F528-4885-4D7E-8BDC-914FA52370C7}.Debug|Mixed Platforms.ActiveCfg = Debug|Any CPU
		{EEA9F528-4885-4D7E-8BDC-914FA52370C7}.Debug|x86.ActiveCfg = Debug|Any CPU
		{EEA9F528-4885-4D7E-8BDC-914FA52370C7}.Release|Any CPU.ActiveCfg = Release|Any CPU
		{EEA9F528-4885-4D7E-8BDC-914FA52370C7}.Release|Any CPU.Build.0 = Release|Any CPU
		{EEA9F528-4885-4D7E-8BDC-914FA52370C7}.Release|Mixed Platforms.ActiveCfg = Release|Any CPU
		{EEA9F528-4885-4D7E-8BDC-914FA52370C7}.Release|x86.ActiveCfg = Release|Any CPU
		{28A1F00D-55E4-4A43-8C6D-65293F4CE384}.Debug|Any CPU.ActiveCfg = Debug|Any CPU
		{28A1F00D-55E4-4A43-8C6D-65293F4CE384}.Debug|Any CPU.Build.0 = Debug|Any CPU
		{28A1F00D-55E4-4A43-8C6D-65293F4CE384}.Debug|Mixed Platforms.ActiveCfg = Debug|Any CPU
		{28A1F00D-55E4-4A43-8C6D-65293F4CE384}.Debug|Mixed Platforms.Build.0 = Debug|Any CPU
		{28A1F00D-55E4-4A43-8C6D-65293F4CE384}.Debug|x86.ActiveCfg = Debug|Any CPU
		{28A1F00D-55E4-4A43-8C6D-65293F4CE384}.Release|Any CPU.ActiveCfg = Release|Any CPU
		{28A1F00D-55E4-4A43-8C6D-65293F4CE384}.Release|Any CPU.Build.0 = Release|Any CPU
		{28A1F00D-55E4-4A43-8C6D-65293F4CE384}.Release|Mixed Platforms.ActiveCfg = Release|Any CPU
		{28A1F00D-55E4-4A43-8C6D-65293F4CE384}.Release|Mixed Platforms.Build.0 = Release|Any CPU
		{28A1F00D-55E4-4A43-8C6D-65293F4CE384}.Release|x86.ActiveCfg = Release|Any CPU
		{2AE944D4-D0D8-45E2-BDA5-ACB4A65CE044}.Debug|Any CPU.ActiveCfg = Debug|Any CPU
		{2AE944D4-D0D8-45E2-BDA5-ACB4A65CE044}.Debug|Any CPU.Build.0 = Debug|Any CPU
		{2AE944D4-D0D8-45E2-BDA5-ACB4A65CE044}.Debug|Mixed Platforms.ActiveCfg = Debug|Any CPU
		{2AE944D4-D0D8-45E2-BDA5-ACB4A65CE044}.Debug|Mixed Platforms.Build.0 = Debug|Any CPU
		{2AE944D4-D0D8-45E2-BDA5-ACB4A65CE044}.Debug|x86.ActiveCfg = Debug|Any CPU
		{2AE944D4-D0D8-45E2-BDA5-ACB4A65CE044}.Release|Any CPU.ActiveCfg = Release|Any CPU
		{2AE944D4-D0D8-45E2-BDA5-ACB4A65CE044}.Release|Any CPU.Build.0 = Release|Any CPU
		{2AE944D4-D0D8-45E2-BDA5-ACB4A65CE044}.Release|Mixed Platforms.ActiveCfg = Release|Any CPU
		{2AE944D4-D0D8-45E2-BDA5-ACB4A65CE044}.Release|Mixed Platforms.Build.0 = Release|Any CPU
		{2AE944D4-D0D8-45E2-BDA5-ACB4A65CE044}.Release|x86.ActiveCfg = Release|Any CPU
		{A0270D48-EFA2-4163-BA3E-A28BA5B5E8B9}.Debug|Any CPU.ActiveCfg = Debug|Any CPU
		{A0270D48-EFA2-4163-BA3E-A28BA5B5E8B9}.Debug|Any CPU.Build.0 = Debug|Any CPU
		{A0270D48-EFA2-4163-BA3E-A28BA5B5E8B9}.Debug|Mixed Platforms.ActiveCfg = Debug|Any CPU
		{A0270D48-EFA2-4163-BA3E-A28BA5B5E8B9}.Debug|Mixed Platforms.Build.0 = Debug|Any CPU
		{A0270D48-EFA2-4163-BA3E-A28BA5B5E8B9}.Debug|x86.ActiveCfg = Debug|Any CPU
		{A0270D48-EFA2-4163-BA3E-A28BA5B5E8B9}.Release|Any CPU.ActiveCfg = Release|Any CPU
		{A0270D48-EFA2-4163-BA3E-A28BA5B5E8B9}.Release|Any CPU.Build.0 = Release|Any CPU
		{A0270D48-EFA2-4163-BA3E-A28BA5B5E8B9}.Release|Mixed Platforms.ActiveCfg = Release|Any CPU
		{A0270D48-EFA2-4163-BA3E-A28BA5B5E8B9}.Release|Mixed Platforms.Build.0 = Release|Any CPU
		{A0270D48-EFA2-4163-BA3E-A28BA5B5E8B9}.Release|x86.ActiveCfg = Release|Any CPU
		{42E45B0C-DDCD-434A-86A2-07845B842895}.Debug|Any CPU.ActiveCfg = Debug|Any CPU
		{42E45B0C-DDCD-434A-86A2-07845B842895}.Debug|Any CPU.Build.0 = Debug|Any CPU
		{42E45B0C-DDCD-434A-86A2-07845B842895}.Debug|Mixed Platforms.ActiveCfg = Debug|Any CPU
		{42E45B0C-DDCD-434A-86A2-07845B842895}.Debug|Mixed Platforms.Build.0 = Debug|Any CPU
		{42E45B0C-DDCD-434A-86A2-07845B842895}.Debug|x86.ActiveCfg = Debug|Any CPU
		{42E45B0C-DDCD-434A-86A2-07845B842895}.Release|Any CPU.ActiveCfg = Release|Any CPU
		{42E45B0C-DDCD-434A-86A2-07845B842895}.Release|Any CPU.Build.0 = Release|Any CPU
		{42E45B0C-DDCD-434A-86A2-07845B842895}.Release|Mixed Platforms.ActiveCfg = Release|Any CPU
		{42E45B0C-DDCD-434A-86A2-07845B842895}.Release|Mixed Platforms.Build.0 = Release|Any CPU
		{42E45B0C-DDCD-434A-86A2-07845B842895}.Release|x86.ActiveCfg = Release|Any CPU
		{C2BC5886-C540-4DF0-88C7-C8E00AFF935B}.Debug|Any CPU.ActiveCfg = Debug|Any CPU
		{C2BC5886-C540-4DF0-88C7-C8E00AFF935B}.Debug|Any CPU.Build.0 = Debug|Any CPU
		{C2BC5886-C540-4DF0-88C7-C8E00AFF935B}.Debug|Mixed Platforms.ActiveCfg = Debug|Any CPU
		{C2BC5886-C540-4DF0-88C7-C8E00AFF935B}.Debug|Mixed Platforms.Build.0 = Debug|Any CPU
		{C2BC5886-C540-4DF0-88C7-C8E00AFF935B}.Debug|x86.ActiveCfg = Debug|Any CPU
		{C2BC5886-C540-4DF0-88C7-C8E00AFF935B}.Release|Any CPU.ActiveCfg = Release|Any CPU
		{C2BC5886-C540-4DF0-88C7-C8E00AFF935B}.Release|Any CPU.Build.0 = Release|Any CPU
		{C2BC5886-C540-4DF0-88C7-C8E00AFF935B}.Release|Mixed Platforms.ActiveCfg = Release|Any CPU
		{C2BC5886-C540-4DF0-88C7-C8E00AFF935B}.Release|Mixed Platforms.Build.0 = Release|Any CPU
		{C2BC5886-C540-4DF0-88C7-C8E00AFF935B}.Release|x86.ActiveCfg = Release|Any CPU
		{98CF1FFC-E994-4933-B315-1B66A95CD055}.Debug|Any CPU.ActiveCfg = Debug|Any CPU
		{98CF1FFC-E994-4933-B315-1B66A95CD055}.Debug|Any CPU.Build.0 = Debug|Any CPU
		{98CF1FFC-E994-4933-B315-1B66A95CD055}.Debug|Mixed Platforms.ActiveCfg = Debug|Any CPU
		{98CF1FFC-E994-4933-B315-1B66A95CD055}.Debug|x86.ActiveCfg = Debug|Any CPU
		{98CF1FFC-E994-4933-B315-1B66A95CD055}.Release|Any CPU.ActiveCfg = Release|Any CPU
		{98CF1FFC-E994-4933-B315-1B66A95CD055}.Release|Any CPU.Build.0 = Release|Any CPU
		{98CF1FFC-E994-4933-B315-1B66A95CD055}.Release|Mixed Platforms.ActiveCfg = Release|Any CPU
		{98CF1FFC-E994-4933-B315-1B66A95CD055}.Release|x86.ActiveCfg = Release|Any CPU
		{4AA915ED-26DB-4F8F-AC7E-9CAB5DF7F7CD}.Debug|Any CPU.ActiveCfg = Debug|Any CPU
		{4AA915ED-26DB-4F8F-AC7E-9CAB5DF7F7CD}.Debug|Any CPU.Build.0 = Debug|Any CPU
		{4AA915ED-26DB-4F8F-AC7E-9CAB5DF7F7CD}.Debug|Mixed Platforms.ActiveCfg = Debug|Any CPU
		{4AA915ED-26DB-4F8F-AC7E-9CAB5DF7F7CD}.Debug|Mixed Platforms.Build.0 = Debug|Any CPU
		{4AA915ED-26DB-4F8F-AC7E-9CAB5DF7F7CD}.Debug|x86.ActiveCfg = Debug|Any CPU
		{4AA915ED-26DB-4F8F-AC7E-9CAB5DF7F7CD}.Release|Any CPU.ActiveCfg = Release|Any CPU
		{4AA915ED-26DB-4F8F-AC7E-9CAB5DF7F7CD}.Release|Any CPU.Build.0 = Release|Any CPU
		{4AA915ED-26DB-4F8F-AC7E-9CAB5DF7F7CD}.Release|Mixed Platforms.ActiveCfg = Release|Any CPU
		{4AA915ED-26DB-4F8F-AC7E-9CAB5DF7F7CD}.Release|Mixed Platforms.Build.0 = Release|Any CPU
		{4AA915ED-26DB-4F8F-AC7E-9CAB5DF7F7CD}.Release|x86.ActiveCfg = Release|Any CPU
		{F17FD0F8-DE0A-496B-8D71-2B5B15AFF3BE}.Debug|Any CPU.ActiveCfg = Debug|x86
		{F17FD0F8-DE0A-496B-8D71-2B5B15AFF3BE}.Debug|Mixed Platforms.ActiveCfg = Debug|x86
		{F17FD0F8-DE0A-496B-8D71-2B5B15AFF3BE}.Debug|Mixed Platforms.Build.0 = Debug|x86
		{F17FD0F8-DE0A-496B-8D71-2B5B15AFF3BE}.Debug|x86.ActiveCfg = Debug|x86
		{F17FD0F8-DE0A-496B-8D71-2B5B15AFF3BE}.Debug|x86.Build.0 = Debug|x86
		{F17FD0F8-DE0A-496B-8D71-2B5B15AFF3BE}.Release|Any CPU.ActiveCfg = Release|x86
		{F17FD0F8-DE0A-496B-8D71-2B5B15AFF3BE}.Release|Mixed Platforms.ActiveCfg = Release|x86
		{F17FD0F8-DE0A-496B-8D71-2B5B15AFF3BE}.Release|Mixed Platforms.Build.0 = Release|x86
		{F17FD0F8-DE0A-496B-8D71-2B5B15AFF3BE}.Release|x86.ActiveCfg = Release|x86
		{F17FD0F8-DE0A-496B-8D71-2B5B15AFF3BE}.Release|x86.Build.0 = Release|x86
		{FE0598CD-05CE-4EE9-9F93-D2260F504071}.Debug|Any CPU.ActiveCfg = Debug|Any CPU
		{FE0598CD-05CE-4EE9-9F93-D2260F504071}.Debug|Any CPU.Build.0 = Debug|Any CPU
		{FE0598CD-05CE-4EE9-9F93-D2260F504071}.Debug|Mixed Platforms.ActiveCfg = Debug|Any CPU
		{FE0598CD-05CE-4EE9-9F93-D2260F504071}.Debug|Mixed Platforms.Build.0 = Debug|Any CPU
		{FE0598CD-05CE-4EE9-9F93-D2260F504071}.Debug|x86.ActiveCfg = Debug|Any CPU
		{FE0598CD-05CE-4EE9-9F93-D2260F504071}.Release|Any CPU.ActiveCfg = Release|Any CPU
		{FE0598CD-05CE-4EE9-9F93-D2260F504071}.Release|Any CPU.Build.0 = Release|Any CPU
		{FE0598CD-05CE-4EE9-9F93-D2260F504071}.Release|Mixed Platforms.ActiveCfg = Release|Any CPU
		{FE0598CD-05CE-4EE9-9F93-D2260F504071}.Release|Mixed Platforms.Build.0 = Release|Any CPU
		{FE0598CD-05CE-4EE9-9F93-D2260F504071}.Release|x86.ActiveCfg = Release|Any CPU
	EndGlobalSection
	GlobalSection(SolutionProperties) = preSolution
		HideSolutionNode = FALSE
	EndGlobalSection
EndGlobal
