
Microsoft Visual Studio Solution File, Format Version 10.00
# Visual Studio 2008
Project("{FAE04EC0-301F-11D3-BF4B-00C04F79EFBC}") = "Scratchpad", "Scratchpad.csproj", "{F553A812-5300-4E45-BC8B-01E4FCC4C196}"
EndProject
Global
	GlobalSection(SolutionConfigurationPlatforms) = preSolution
		Debug|Any CPU = Debug|Any CPU
		Release|Any CPU = Release|Any CPU
	EndGlobalSection
	GlobalSection(ProjectConfigurationPlatforms) = postSolution
		{F553A812-5300-4E45-BC8B-01E4FCC4C196}.Debug|Any CPU.ActiveCfg = Debug|Any CPU
		{F553A812-5300-4E45-BC8B-01E4FCC4C196}.Debug|Any CPU.Build.0 = Debug|Any CPU
		{F553A812-5300-4E45-BC8B-01E4FCC4C196}.Release|Any CPU.ActiveCfg = Release|Any CPU
		{F553A812-5300-4E45-BC8B-01E4FCC4C196}.Release|Any CPU.Build.0 = Release|Any CPU
	EndGlobalSection
	GlobalSection(SolutionProperties) = preSolution
		HideSolutionNode = FALSE
	EndGlobalSection
EndGlobal
