
Microsoft Visual Studio Solution File, Format Version 10.00
# Visual Studio 2008
Project("{FAE04EC0-301F-11D3-BF4B-00C04F79EFBC}") = "ArtistPalette", "ArtistPalette\ArtistPalette.csproj", "{37FEE58D-D290-4267-A442-BFE015A57147}"
EndProject
Global
	GlobalSection(SolutionConfigurationPlatforms) = preSolution
		Debug|Any CPU = Debug|Any CPU
		Release|Any CPU = Release|Any CPU
	EndGlobalSection
	GlobalSection(ProjectConfigurationPlatforms) = postSolution
		{37FEE58D-D290-4267-A442-BFE015A57147}.Debug|Any CPU.ActiveCfg = Debug|Any CPU
		{37FEE58D-D290-4267-A442-BFE015A57147}.Debug|Any CPU.Build.0 = Debug|Any CPU
		{37FEE58D-D290-4267-A442-BFE015A57147}.Release|Any CPU.ActiveCfg = Release|Any CPU
		{37FEE58D-D290-4267-A442-BFE015A57147}.Release|Any CPU.Build.0 = Release|Any CPU
	EndGlobalSection
	GlobalSection(SolutionProperties) = preSolution
		HideSolutionNode = FALSE
	EndGlobalSection
EndGlobal
