
Microsoft Visual Studio Solution File, Format Version 10.00
# Visual Studio 2008
Project("{FAE04EC0-301F-11D3-BF4B-00C04F79EFBC}") = "FauxSlides", "FauxSlides\FauxSlides.csproj", "{31D4150E-A7AF-4A95-AAB2-DA387EE7DBBC}"
EndProject
Global
	GlobalSection(SolutionConfigurationPlatforms) = preSolution
		Debug|Any CPU = Debug|Any CPU
		Release|Any CPU = Release|Any CPU
	EndGlobalSection
	GlobalSection(ProjectConfigurationPlatforms) = postSolution
		{31D4150E-A7AF-4A95-AAB2-DA387EE7DBBC}.Debug|Any CPU.ActiveCfg = Debug|Any CPU
		{31D4150E-A7AF-4A95-AAB2-DA387EE7DBBC}.Debug|Any CPU.Build.0 = Debug|Any CPU
		{31D4150E-A7AF-4A95-AAB2-DA387EE7DBBC}.Release|Any CPU.ActiveCfg = Release|Any CPU
		{31D4150E-A7AF-4A95-AAB2-DA387EE7DBBC}.Release|Any CPU.Build.0 = Release|Any CPU
	EndGlobalSection
	GlobalSection(SolutionProperties) = preSolution
		HideSolutionNode = FALSE
	EndGlobalSection
EndGlobal
