
Microsoft Visual Studio Solution File, Format Version 10.00
# Visual Studio 2008
Project("{FAE04EC0-301F-11D3-BF4B-00C04F79EFBC}") = "StrokeBot", "StrokeBot\StrokeBot.csproj", "{E875F694-448B-43C6-A2FC-1C55D95CD068}"
EndProject
Project("{FAE04EC0-301F-11D3-BF4B-00C04F79EFBC}") = "HandwritingDefinition", "HandwritingDefinition\HandwritingDefinition.csproj", "{0F42BCD4-878E-41A2-9793-90C1EE5258B8}"
EndProject
Project("{FAE04EC0-301F-11D3-BF4B-00C04F79EFBC}") = "StrokeBotHost", "StrokeBotHost\StrokeBotHost.csproj", "{67C1F76D-38AA-4292-9FE2-C72A17BE1F12}"
EndProject
Global
	GlobalSection(SolutionConfigurationPlatforms) = preSolution
		Debug|Any CPU = Debug|Any CPU
		Release|Any CPU = Release|Any CPU
	EndGlobalSection
	GlobalSection(ProjectConfigurationPlatforms) = postSolution
		{E875F694-448B-43C6-A2FC-1C55D95CD068}.Debug|Any CPU.ActiveCfg = Debug|Any CPU
		{E875F694-448B-43C6-A2FC-1C55D95CD068}.Debug|Any CPU.Build.0 = Debug|Any CPU
		{E875F694-448B-43C6-A2FC-1C55D95CD068}.Release|Any CPU.ActiveCfg = Release|Any CPU
		{E875F694-448B-43C6-A2FC-1C55D95CD068}.Release|Any CPU.Build.0 = Release|Any CPU
		{0F42BCD4-878E-41A2-9793-90C1EE5258B8}.Debug|Any CPU.ActiveCfg = Debug|Any CPU
		{0F42BCD4-878E-41A2-9793-90C1EE5258B8}.Debug|Any CPU.Build.0 = Debug|Any CPU
		{0F42BCD4-878E-41A2-9793-90C1EE5258B8}.Release|Any CPU.ActiveCfg = Release|Any CPU
		{0F42BCD4-878E-41A2-9793-90C1EE5258B8}.Release|Any CPU.Build.0 = Release|Any CPU
		{67C1F76D-38AA-4292-9FE2-C72A17BE1F12}.Debug|Any CPU.ActiveCfg = Debug|Any CPU
		{67C1F76D-38AA-4292-9FE2-C72A17BE1F12}.Debug|Any CPU.Build.0 = Debug|Any CPU
		{67C1F76D-38AA-4292-9FE2-C72A17BE1F12}.Release|Any CPU.ActiveCfg = Release|Any CPU
		{67C1F76D-38AA-4292-9FE2-C72A17BE1F12}.Release|Any CPU.Build.0 = Release|Any CPU
	EndGlobalSection
	GlobalSection(SolutionProperties) = preSolution
		HideSolutionNode = FALSE
	EndGlobalSection
EndGlobal
